{
  "name": "bsv-spv",
  "version": "0.2.2",
  "lockfileVersion": 2,
  "requires": true,
  "packages": {
    "": {
      "name": "bsv-spv",
      "version": "0.2.2",
      "license": "MIT",
      "dependencies": {
        "bsv-headers": "^0.1.1",
        "bsv-minimal": "^0.5.1",
        "bsv-p2p": "^0.3.0",
        "node-lmdb": "^0.9.7"
      }
    },
    "node_modules/bsv-headers": {
      "version": "0.1.1",
      "resolved": "https://registry.npmjs.org/bsv-headers/-/bsv-headers-0.1.1.tgz",
      "integrity": "sha512-G81duTPCzaoEtL6L7a0b7RChruOjVyb4s69/svstaqxCYndR+iNp0pVN6C/8NdyKNMJgk5CdSDEYC9wEbixIBA==",
      "dependencies": {
        "bsv-minimal": "^0.5.1"
      }
    },
    "node_modules/bsv-minimal": {
      "version": "0.5.1",
      "resolved": "https://registry.npmjs.org/bsv-minimal/-/bsv-minimal-0.5.1.tgz",
      "integrity": "sha512-iYQunvhssBnz9nn8IINHBDgFHEKwcPbzFmQgMwGJbsDjF+vUPlKpHwbvPGEY+DNtMnYB6xheASqk9RBBllPdxg==",
      "engines": {
        "node": ">=12.0.0"
      }
    },
    "node_modules/bsv-p2p": {
      "version": "0.3.0",
      "resolved": "https://registry.npmjs.org/bsv-p2p/-/bsv-p2p-0.3.0.tgz",
      "integrity": "sha512-kIhKF1PBpI0ZwsjJxV0nmY0iC5DgWCHKgp13b8ypvh7kkQdMhstcnwVxHckPTZoMf5tFzyGQPD9hBMWiiNTKVg==",
      "dependencies": {
        "bsv-minimal": "^0.5.1"
      }
    },
    "node_modules/nan": {
      "version": "2.16.0",
      "resolved": "https://registry.npmjs.org/nan/-/nan-2.16.0.tgz",
      "integrity": "sha512-UdAqHyFngu7TfQKsCBgAA6pWDkT8MAO7d0jyOecVhN5354xbLqdn8mV9Tat9gepAupm0bt2DbeaSC8vS52MuFA=="
    },
    "node_modules/node-gyp-build": {
      "version": "4.5.0",
      "resolved": "https://registry.npmjs.org/node-gyp-build/-/node-gyp-build-4.5.0.tgz",
      "integrity": "sha512-2iGbaQBV+ITgCz76ZEjmhUKAKVf7xfY1sRl4UiKQspfZMH2h06SyhNsnSVy50cwkFQDGLyif6m/6uFXHkOZ6rg==",
      "bin": {
        "node-gyp-build": "bin.js",
        "node-gyp-build-optional": "optional.js",
        "node-gyp-build-test": "build-test.js"
      }
    },
    "node_modules/node-lmdb": {
      "version": "0.9.7",
      "resolved": "https://registry.npmjs.org/node-lmdb/-/node-lmdb-0.9.7.tgz",
      "integrity": "sha512-RyYSB3kTByjp1yCKE474yuoBxi/+8kKvjYFOVuDBVoS31D6JvzjwMgNnQrMwoHSbZ6RwucW7jmF93Cm9ltziJQ==",
      "hasInstallScript": true,
      "dependencies": {
        "nan": "^2.14.1",
        "node-gyp-build": "^4.2.3"
      }
    }
  },
  "dependencies": {
    "bsv-headers": {
      "version": "0.1.1",
      "resolved": "https://registry.npmjs.org/bsv-headers/-/bsv-headers-0.1.1.tgz",
      "integrity": "sha512-G81duTPCzaoEtL6L7a0b7RChruOjVyb4s69/svstaqxCYndR+iNp0pVN6C/8NdyKNMJgk5CdSDEYC9wEbixIBA==",
      "requires": {
        "bsv-minimal": "^0.5.1"
      }
    },
    "bsv-minimal": {
      "version": "0.5.1",
      "resolved": "https://registry.npmjs.org/bsv-minimal/-/bsv-minimal-0.5.1.tgz",
      "integrity": "sha512-iYQunvhssBnz9nn8IINHBDgFHEKwcPbzFmQgMwGJbsDjF+vUPlKpHwbvPGEY+DNtMnYB6xheASqk9RBBllPdxg=="
    },
    "bsv-p2p": {
      "version": "0.3.0",
      "resolved": "https://registry.npmjs.org/bsv-p2p/-/bsv-p2p-0.3.0.tgz",
      "integrity": "sha512-kIhKF1PBpI0ZwsjJxV0nmY0iC5DgWCHKgp13b8ypvh7kkQdMhstcnwVxHckPTZoMf5tFzyGQPD9hBMWiiNTKVg==",
      "requires": {
        "bsv-minimal": "^0.5.1"
      }
    },
    "nan": {
      "version": "2.16.0",
      "resolved": "https://registry.npmjs.org/nan/-/nan-2.16.0.tgz",
      "integrity": "sha512-UdAqHyFngu7TfQKsCBgAA6pWDkT8MAO7d0jyOecVhN5354xbLqdn8mV9Tat9gepAupm0bt2DbeaSC8vS52MuFA=="
    },
    "node-gyp-build": {
      "version": "4.5.0",
      "resolved": "https://registry.npmjs.org/node-gyp-build/-/node-gyp-build-4.5.0.tgz",
      "integrity": "sha512-2iGbaQBV+ITgCz76ZEjmhUKAKVf7xfY1sRl4UiKQspfZMH2h06SyhNsnSVy50cwkFQDGLyif6m/6uFXHkOZ6rg=="
    },
    "node-lmdb": {
      "version": "0.9.7",
      "resolved": "https://registry.npmjs.org/node-lmdb/-/node-lmdb-0.9.7.tgz",
      "integrity": "sha512-RyYSB3kTByjp1yCKE474yuoBxi/+8kKvjYFOVuDBVoS31D6JvzjwMgNnQrMwoHSbZ6RwucW7jmF93Cm9ltziJQ==",
      "requires": {
        "nan": "^2.14.1",
        "node-gyp-build": "^4.2.3"
      }
    }
  }
}
